// !$*UTF8*$!
{
	archiveVersion = 1;
	classes = {
	};
	objectVersion = 50;
	objects = {

/* Begin PBXBuildFile section */
		04045ADE28588285000C48FC /* AppDelegate.swift in Sources */ = {isa = PBXBuildFile; fileRef = 04045ADD28588285000C48FC /* AppDelegate.swift */; };
		04045AE028588285000C48FC /* ViewController.swift in Sources */ = {isa = PBXBuildFile; fileRef = 04045ADF28588285000C48FC /* ViewController.swift */; };
		04045AE328588285000C48FC /* Main.storyboard in Resources */ = {isa = PBXBuildFile; fileRef = 04045AE128588285000C48FC /* Main.storyboard */; };
		04045AE528588288000C48FC /* Assets.xcassets in Resources */ = {isa = PBXBuildFile; fileRef = 04045AE428588288000C48FC /* Assets.xcassets */; };
		04045AE828588288000C48FC /* LaunchScreen.storyboard in Resources */ = {isa = PBXBuildFile; fileRef = 04045AE628588288000C48FC /* LaunchScreen.storyboard */; };
		04045AF328588288000C48FC /* GDCTests.swift in Sources */ = {isa = PBXBuildFile; fileRef = 04045AF228588288000C48FC /* GDCTests.swift */; };
		04045AFE28588288000C48FC /* GDCUITests.swift in Sources */ = {isa = PBXBuildFile; fileRef = 04045AFD28588288000C48FC /* GDCUITests.swift */; };
/* End PBXBuildFile section */

/* Begin PBXContainerItemProxy section */
		04045AEF28588288000C48FC /* PBXContainerItemProxy */ = {
			isa = PBXContainerItemProxy;
			containerPortal = 04045AD228588285000C48FC /* Project object */;
			proxyType = 1;
			remoteGlobalIDString = 04045AD928588285000C48FC;
			remoteInfo = GDC;
		};
		04045AFA28588288000C48FC /* PBXContainerItemProxy */ = {
			isa = PBXContainerItemProxy;
			containerPortal = 04045AD228588285000C48FC /* Project object */;
			proxyType = 1;
			remoteGlobalIDString = 04045AD928588285000C48FC;
			remoteInfo = GDC;
		};
/* End PBXContainerItemProxy section */

/* Begin PBXFileReference section */
		04045ADA28588285000C48FC /* GDC.app */ = {isa = PBXFileReference; explicitFileType = wrapper.application; includeInIndex = 0; path = GDC.app; sourceTree = BUILT_PRODUCTS_DIR; };
		04045ADD28588285000C48FC /* AppDelegate.swift */ = {isa = PBXFileReference; lastKnownFileType = sourcecode.swift; path = AppDelegate.swift; sourceTree = "<group>"; };
		04045ADF28588285000C48FC /* ViewController.swift */ = {isa = PBXFileReference; lastKnownFileType = sourcecode.swift; path = ViewController.swift; sourceTree = "<group>"; };
		04045AE228588285000C48FC /* Base */ = {isa = PBXFileReference; lastKnownFileType = file.storyboard; name = Base; path = Base.lproj/Main.storyboard; sourceTree = "<group>"; };
		04045AE428588288000C48FC /* Assets.xcassets */ = {isa = PBXFileReference; lastKnownFileType = folder.assetcatalog; path = Assets.xcassets; sourceTree = "<group>"; };
		04045AE728588288000C48FC /* Base */ = {isa = PBXFileReference; lastKnownFileType = file.storyboard; name = Base; path = Base.lproj/LaunchScreen.storyboard; sourceTree = "<group>"; };
		04045AE928588288000C48FC /* Info.plist */ = {isa = PBXFileReference; lastKnownFileType = text.plist.xml; path = Info.plist; sourceTree = "<group>"; };
		04045AEE28588288000C48FC /* GDCTests.xctest */ = {isa = PBXFileReference; explicitFileType = wrapper.cfbundle; includeInIndex = 0; path = GDCTests.xctest; sourceTree = BUILT_PRODUCTS_DIR; };
		04045AF228588288000C48FC /* GDCTests.swift */ = {isa = PBXFileReference; lastKnownFileType = sourcecode.swift; path = GDCTests.swift; sourceTree = "<group>"; };
		04045AF428588288000C48FC /* Info.plist */ = {isa = PBXFileReference; lastKnownFileType = text.plist.xml; path = Info.plist; sourceTree = "<group>"; };
		04045AF928588288000C48FC /* GDCUITests.xctest */ = {isa = PBXFileReference; explicitFileType = wrapper.cfbundle; includeInIndex = 0; path = GDCUITests.xctest; sourceTree = BUILT_PRODUCTS_DIR; };
		04045AFD28588288000C48FC /* GDCUITests.swift */ = {isa = PBXFileReference; lastKnownFileType = sourcecode.swift; path = GDCUITests.swift; sourceTree = "<group>"; };
		04045AFF28588288000C48FC /* Info.plist */ = {isa = PBXFileReference; lastKnownFileType = text.plist.xml; path = Info.plist; sourceTree = "<group>"; };
/* End PBXFileReference section */

/* Begin PBXFrameworksBuildPhase section */
		04045AD728588285000C48FC /* Frameworks */ = {
			isa = PBXFrameworksBuildPhase;
			buildActionMask = 2147483647;
			files = (
			);
			runOnlyForDeploymentPostprocessing = 0;
		};
		04045AEB28588288000C48FC /* Frameworks */ = {
			isa = PBXFrameworksBuildPhase;
			buildActionMask = 2147483647;
			files = (
			);
			runOnlyForDeploymentPostprocessing = 0;
		};
		04045AF628588288000C48FC /* Frameworks */ = {
			isa = PBXFrameworksBuildPhase;
			buildActionMask = 2147483647;
			files = (
			);
			runOnlyForDeploymentPostprocessing = 0;
		};
/* End PBXFrameworksBuildPhase section */

/* Begin PBXGroup section */
		04045AD128588285000C48FC = {
			isa = PBXGroup;
			children = (
				04045ADC28588285000C48FC /* GDC */,
				04045AF128588288000C48FC /* GDCTests */,
				04045AFC28588288000C48FC /* GDCUITests */,
				04045ADB28588285000C48FC /* Products */,
			);
			sourceTree = "<group>";
		};
		04045ADB28588285000C48FC /* Products */ = {
			isa = PBXGroup;
			children = (
				04045ADA28588285000C48FC /* GDC.app */,
				04045AEE28588288000C48FC /* GDCTests.xctest */,
				04045AF928588288000C48FC /* GDCUITests.xctest */,
			);
			name = Products;
			sourceTree = "<group>";
		};
		04045ADC28588285000C48FC /* GDC */ = {
			isa = PBXGroup;
			children = (
				04045ADD28588285000C48FC /* AppDelegate.swift */,
				04045ADF28588285000C48FC /* ViewController.swift */,
				04045AE128588285000C48FC /* Main.storyboard */,
				04045AE428588288000C48FC /* Assets.xcassets */,
				04045AE628588288000C48FC /* LaunchScreen.storyboard */,
				04045AE928588288000C48FC /* Info.plist */,
			);
			path = GDC;
			sourceTree = "<group>";
		};
		04045AF128588288000C48FC /* GDCTests */ = {
			isa = PBXGroup;
			children = (
				04045AF228588288000C48FC /* GDCTests.swift */,
				04045AF428588288000C48FC /* Info.plist */,
			);
			path = GDCTests;
			sourceTree = "<group>";
		};
		04045AFC28588288000C48FC /* GDCUITests */ = {
			isa = PBXGroup;
			children = (
				04045AFD28588288000C48FC /* GDCUITests.swift */,
				04045AFF28588288000C48FC /* Info.plist */,
			);
			path = GDCUITests;
			sourceTree = "<group>";
		};
/* End PBXGroup section */

/* Begin PBXNativeTarget section */
		04045AD928588285000C48FC /* GDC */ = {
			isa = PBXNativeTarget;
			buildConfigurationList = 04045B0228588288000C48FC /* Build configuration list for PBXNativeTarget "GDC" */;
			buildPhases = (
				04045AD628588285000C48FC /* Sources */,
				04045AD728588285000C48FC /* Frameworks */,
				04045AD828588285000C48FC /* Resources */,
			);
			buildRules = (
			);
			dependencies = (
			);
			name = GDC;
			productName = GDC;
			productReference = 04045ADA28588285000C48FC /* GDC.app */;
			productType = "com.apple.product-type.application";
		};
		04045AED28588288000C48FC /* GDCTests */ = {
			isa = PBXNativeTarget;
			buildConfigurationList = 04045B0528588288000C48FC /* Build configuration list for PBXNativeTarget "GDCTests" */;
			buildPhases = (
				04045AEA28588288000C48FC /* Sources */,
				04045AEB28588288000C48FC /* Frameworks */,
				04045AEC28588288000C48FC /* Resources */,
			);
			buildRules = (
			);
			dependencies = (
				04045AF028588288000C48FC /* PBXTargetDependency */,
			);
			name = GDCTests;
			productName = GDCTests;
			productReference = 04045AEE28588288000C48FC /* GDCTests.xctest */;
			productType = "com.apple.product-type.bundle.unit-test";
		};
		04045AF828588288000C48FC /* GDCUITests */ = {
			isa = PBXNativeTarget;
			buildConfigurationList = 04045B0828588288000C48FC /* Build configuration list for PBXNativeTarget "GDCUITests" */;
			buildPhases = (
				04045AF528588288000C48FC /* Sources */,
				04045AF628588288000C48FC /* Frameworks */,
				04045AF728588288000C48FC /* Resources */,
			);
			buildRules = (
			);
			dependencies = (
				04045AFB28588288000C48FC /* PBXTargetDependency */,
			);
			name = GDCUITests;
			productName = GDCUITests;
			productReference = 04045AF928588288000C48FC /* GDCUITests.xctest */;
			productType = "com.apple.product-type.bundle.ui-testing";
		};
/* End PBXNativeTarget section */

/* Begin PBXProject section */
		04045AD228588285000C48FC /* Project object */ = {
			isa = PBXProject;
			attributes = {
				LastSwiftUpdateCheck = 1010;
				LastUpgradeCheck = 1010;
				ORGANIZATIONNAME = Mac;
				TargetAttributes = {
					04045AD928588285000C48FC = {
						CreatedOnToolsVersion = 10.1;
					};
					04045AED28588288000C48FC = {
						CreatedOnToolsVersion = 10.1;
						TestTargetID = 04045AD928588285000C48FC;
					};
					04045AF828588288000C48FC = {
						CreatedOnToolsVersion = 10.1;
						TestTargetID = 04045AD928588285000C48FC;
					};
				};
			};
			buildConfigurationList = 04045AD528588285000C48FC /* Build configuration list for PBXProject "GDC" */;
			compatibilityVersion = "Xcode 9.3";
			developmentRegion = en;
			hasScannedForEncodings = 0;
			knownRegions = (
				en,
				Base,
			);
			mainGroup = 04045AD128588285000C48FC;
			productRefGroup = 04045ADB28588285000C48FC /* Products */;
			projectDirPath = "";
			projectRoot = "";
			targets = (
				04045AD928588285000C48FC /* GDC */,
				04045AED28588288000C48FC /* GDCTests */,
				04045AF828588288000C48FC /* GDCUITests */,
			);
		};
/* End PBXProject section */

/* Begin PBXResourcesBuildPhase section */
		04045AD828588285000C48FC /* Resources */ = {
			isa = PBXResourcesBuildPhase;
			buildActionMask = 2147483647;
			files = (
				04045AE828588288000C48FC /* LaunchScreen.storyboard in Resources */,
				04045AE528588288000C48FC /* Assets.xcassets in Resources */,
				04045AE328588285000C48FC /* Main.storyboard in Resources */,
			);
			runOnlyForDeploymentPostprocessing = 0;
		};
		04045AEC28588288000C48FC /* Resources */ = {
			isa = PBXResourcesBuildPhase;
			buildActionMask = 2147483647;
			files = (
			);
			runOnlyForDeploymentPostprocessing = 0;
		};
		04045AF728588288000C48FC /* Resources */ = {
			isa = PBXResourcesBuildPhase;
			buildActionMask = 2147483647;
			files = (
			);
			runOnlyForDeploymentPostprocessing = 0;
		};
/* End PBXResourcesBuildPhase section */

/* Begin PBXSourcesBuildPhase section */
		04045AD628588285000C48FC /* Sources */ = {
			isa = PBXSourcesBuildPhase;
			buildActionMask = 2147483647;
			files = (
				04045AE028588285000C48FC /* ViewController.swift in Sources */,
				04045ADE28588285000C48FC /* AppDelegate.swift in Sources */,
			);
			runOnlyForDeploymentPostprocessing = 0;
		};
		04045AEA28588288000C48FC /* Sources */ = {
			isa = PBXSourcesBuildPhase;
			buildActionMask = 2147483647;
			files = (
				04045AF328588288000C48FC /* GDCTests.swift in Sources */,
			);
			runOnlyForDeploymentPostprocessing = 0;
		};
		04045AF528588288000C48FC /* Sources */ = {
			isa = PBXSourcesBuildPhase;
			buildActionMask = 2147483647;
			files = (
				04045AFE28588288000C48FC /* GDCUITests.swift in Sources */,
			);
			runOnlyForDeploymentPostprocessing = 0;
		};
/* End PBXSourcesBuildPhase section */

/* Begin PBXTargetDependency section */
		04045AF028588288000C48FC /* PBXTargetDependency */ = {
			isa = PBXTargetDependency;
			target = 04045AD928588285000C48FC /* GDC */;
			targetProxy = 04045AEF28588288000C48FC /* PBXContainerItemProxy */;
		};
		04045AFB28588288000C48FC /* PBXTargetDependency */ = {
			isa = PBXTargetDependency;
			target = 04045AD928588285000C48FC /* GDC */;
			targetProxy = 04045AFA28588288000C48FC /* PBXContainerItemProxy */;
		};
/* End PBXTargetDependency section */

/* Begin PBXVariantGroup section */
		04045AE128588285000C48FC /* Main.storyboard */ = {
			isa = PBXVariantGroup;
			children = (
				04045AE228588285000C48FC /* Base */,
			);
			name = Main.storyboard;
			sourceTree = "<group>";
		};
		04045AE628588288000C48FC /* LaunchScreen.storyboard */ = {
			isa = PBXVariantGroup;
			children = (
				04045AE728588288000C48FC /* Base */,
			);
			name = LaunchScreen.storyboard;
			sourceTree = "<group>";
		};
/* End PBXVariantGroup section */

/* Begin XCBuildConfiguration section */
		04045B0028588288000C48FC /* Debug */ = {
			isa = XCBuildConfiguration;
			buildSettings = {
				ALWAYS_SEARCH_USER_PATHS = NO;
				CLANG_ANALYZER_NONNULL = YES;
				CLANG_ANALYZER_NUMBER_OBJECT_CONVERSION = YES_AGGRESSIVE;
				CLANG_CXX_LANGUAGE_STANDARD = "gnu++14";
				CLANG_CXX_LIBRARY = "libc++";
				CLANG_ENABLE_MODULES = YES;
				CLANG_ENABLE_OBJC_ARC = YES;
				CLANG_ENABLE_OBJC_WEAK = YES;
				CLANG_WARN_BLOCK_CAPTURE_AUTORELEASING = YES;
				CLANG_WARN_BOOL_CONVERSION = YES;
				CLANG_WARN_COMMA = YES;
				CLANG_WARN_CONSTANT_CONVERSION = YES;
				CLANG_WARN_DEPRECATED_OBJC_IMPLEMENTATIONS = YES;
				CLANG_WARN_DIRECT_OBJC_ISA_USAGE = YES_ERROR;
				CLANG_WARN_DOCUMENTATION_COMMENTS = YES;
				CLANG_WARN_EMPTY_BODY = YES;
				CLANG_WARN_ENUM_CONVERSION = YES;
				CLANG_WARN_INFINITE_RECURSION = YES;
				CLANG_WARN_INT_CONVERSION = YES;
				CLANG_WARN_NON_LITERAL_NULL_CONVERSION = YES;
				CLANG_WARN_OBJC_IMPLICIT_RETAIN_SELF = YES;
				CLANG_WARN_OBJC_LITERAL_CONVERSION = YES;
				CLANG_WARN_OBJC_ROOT_CLASS = YES_ERROR;
				CLANG_WARN_RANGE_LOOP_ANALYSIS = YES;
				CLANG_WARN_STRICT_PROTOTYPES = YES;
				CLANG_WARN_SUSPICIOUS_MOVE = YES;
				CLANG_WARN_UNGUARDED_AVAILABILITY = YES_AGGRESSIVE;
				CLANG_WARN_UNREACHABLE_CODE = YES;
				CLANG_WARN__DUPLICATE_METHOD_MATCH = YES;
				CODE_SIGN_IDENTITY = "iPhone Developer";
				COPY_PHASE_STRIP = NO;
				DEBUG_INFORMATION_FORMAT = dwarf;
				ENABLE_STRICT_OBJC_MSGSEND = YES;
				ENABLE_TESTABILITY = YES;
				GCC_C_LANGUAGE_STANDARD = gnu11;
				GCC_DYNAMIC_NO_PIC = NO;
				GCC_NO_COMMON_BLOCKS = YES;
				GCC_OPTIMIZATION_LEVEL = 0;
				GCC_PREPROCESSOR_DEFINITIONS = (
					"DEBUG=1",
					"$(inherited)",
				);
				GCC_WARN_64_TO_32_BIT_CONVERSION = YES;
				GCC_WARN_ABOUT_RETURN_TYPE = YES_ERROR;
				GCC_WARN_UNDECLARED_SELECTOR = YES;
				GCC_WARN_UNINITIALIZED_AUTOS = YES_AGGRESSIVE;
				GCC_WARN_UNUSED_FUNCTION = YES;
				GCC_WARN_UNUSED_VARIABLE = YES;
				IPHONEOS_DEPLOYMENT_TARGET = 12.1;
				MTL_ENABLE_DEBUG_INFO = INCLUDE_SOURCE;
				MTL_FAST_MATH = YES;
				ONLY_ACTIVE_ARCH = YES;
				SDKROOT = iphoneos;
				SWIFT_ACTIVE_COMPILATION_CONDITIONS = DEBUG;
				SWIFT_OPTIMIZATION_LEVEL = "-Onone";
			};
			name = Debug;
		};
		04045B0128588288000C48FC /* Release */ = {
			isa = XCBuildConfiguration;
			buildSettings = {
				ALWAYS_SEARCH_USER_PATHS = NO;
				CLANG_ANALYZER_NONNULL = YES;
				CLANG_ANALYZER_NUMBER_OBJECT_CONVERSION = YES_AGGRESSIVE;
				CLANG_CXX_LANGUAGE_STANDARD = "gnu++14";
				CLANG_CXX_LIBRARY = "libc++";
				CLANG_ENABLE_MODULES = YES;
				CLANG_ENABLE_OBJC_ARC = YES;
				CLANG_ENABLE_OBJC_WEAK = YES;
				CLANG_WARN_BLOCK_CAPTURE_AUTORELEASING = YES;
				CLANG_WARN_BOOL_CONVERSION = YES;
				CLANG_WARN_COMMA = YES;
				CLANG_WARN_CONSTANT_CONVERSION = YES;
				CLANG_WARN_DEPRECATED_OBJC_IMPLEMENTATIONS = YES;
				CLANG_WARN_DIRECT_OBJC_ISA_USAGE = YES_ERROR;
				CLANG_WARN_DOCUMENTATION_COMMENTS = YES;
				CLANG_WARN_EMPTY_BODY = YES;
				CLANG_WARN_ENUM_CONVERSION = YES;
				CLANG_WARN_INFINITE_RECURSION = YES;
				CLANG_WARN_INT_CONVERSION = YES;
				CLANG_WARN_NON_LITERAL_NULL_CONVERSION = YES;
				CLANG_WARN_OBJC_IMPLICIT_RETAIN_SELF = YES;
				CLANG_WARN_OBJC_LITERAL_CONVERSION = YES;
				CLANG_WARN_OBJC_ROOT_CLASS = YES_ERROR;
				CLANG_WARN_RANGE_LOOP_ANALYSIS = YES;
				CLANG_WARN_STRICT_PROTOTYPES = YES;
				CLANG_WARN_SUSPICIOUS_MOVE = YES;
				CLANG_WARN_UNGUARDED_AVAILABILITY = YES_AGGRESSIVE;
				CLANG_WARN_UNREACHABLE_CODE = YES;
				CLANG_WARN__DUPLICATE_METHOD_MATCH = YES;
				CODE_SIGN_IDENTITY = "iPhone Developer";
				COPY_PHASE_STRIP = NO;
				DEBUG_INFORMATION_FORMAT = "dwarf-with-dsym";
				ENABLE_NS_ASSERTIONS = NO;
				ENABLE_STRICT_OBJC_MSGSEND = YES;
				GCC_C_LANGUAGE_STANDARD = gnu11;
				GCC_NO_COMMON_BLOCKS = YES;
				GCC_WARN_64_TO_32_BIT_CONVERSION = YES;
				GCC_WARN_ABOUT_RETURN_TYPE = YES_ERROR;
				GCC_WARN_UNDECLARED_SELECTOR = YES;
				GCC_WARN_UNINITIALIZED_AUTOS = YES_AGGRESSIVE;
				GCC_WARN_UNUSED_FUNCTION = YES;
				GCC_WARN_UNUSED_VARIABLE = YES;
				IPHONEOS_DEPLOYMENT_TARGET = 12.1;
				MTL_ENABLE_DEBUG_INFO = NO;
				MTL_FAST_MATH = YES;
				SDKROOT = iphoneos;
				SWIFT_COMPILATION_MODE = wholemodule;
				SWIFT_OPTIMIZATION_LEVEL = "-O";
				VALIDATE_PRODUCT = YES;
			};
			name = Release;
		};
		04045B0328588288000C48FC /* Debug */ = {
			isa = XCBuildConfiguration;
			buildSettings = {
				ASSETCATALOG_COMPILER_APPICON_NAME = AppIcon;
				CODE_SIGN_STYLE = Automatic;
				DEVELOPMENT_TEAM = 357P7SRBLD;
				INFOPLIST_FILE = GDC/Info.plist;
				LD_RUNPATH_SEARCH_PATHS = (
					"$(inherited)",
					"@executable_path/Frameworks",
				);
				PRODUCT_BUNDLE_IDENTIFIER = com.vj.GDC;
				PRODUCT_NAME = "$(TARGET_NAME)";
				SWIFT_VERSION = 4.2;
				TARGETED_DEVICE_FAMILY = "1,2";
			};
			name = Debug;
		};
		04045B0428588288000C48FC /* Release */ = {
			isa = XCBuildConfiguration;
			buildSettings = {
				ASSETCATALOG_COMPILER_APPICON_NAME = AppIcon;
				CODE_SIGN_STYLE = Automatic;
				DEVELOPMENT_TEAM = 357P7SRBLD;
				INFOPLIST_FILE = GDC/Info.plist;
				LD_RUNPATH_SEARCH_PATHS = (
					"$(inherited)",
					"@executable_path/Frameworks",
				);
				PRODUCT_BUNDLE_IDENTIFIER = com.vj.GDC;
				PRODUCT_NAME = "$(TARGET_NAME)";
				SWIFT_VERSION = 4.2;
				TARGETED_DEVICE_FAMILY = "1,2";
			};
			name = Release;
		};
		04045B0628588288000C48FC /* Debug */ = {
			isa = XCBuildConfiguration;
			buildSettings = {
				ALWAYS_EMBED_SWIFT_STANDARD_LIBRARIES = YES;
				BUNDLE_LOADER = "$(TEST_HOST)";
				CODE_SIGN_STYLE = Automatic;
				DEVELOPMENT_TEAM = 357P7SRBLD;
				INFOPLIST_FILE = GDCTests/Info.plist;
				LD_RUNPATH_SEARCH_PATHS = (
					"$(inherited)",
					"@executable_path/Frameworks",
					"@loader_path/Frameworks",
				);
				PRODUCT_BUNDLE_IDENTIFIER = com.vj.GDCTests;
				PRODUCT_NAME = "$(TARGET_NAME)";
				SWIFT_VERSION = 4.2;
				TARGETED_DEVICE_FAMILY = "1,2";
				TEST_HOST = "$(BUILT_PRODUCTS_DIR)/GDC.app/GDC";
			};
			name = Debug;
		};
		04045B0728588288000C48FC /* Release */ = {
			isa = XCBuildConfiguration;
			buildSettings = {
				ALWAYS_EMBED_SWIFT_STANDARD_LIBRARIES = YES;
				BUNDLE_LOADER = "$(TEST_HOST)";
				CODE_SIGN_STYLE = Automatic;
				DEVELOPMENT_TEAM = 357P7SRBLD;
				INFOPLIST_FILE = GDCTests/Info.plist;
				LD_RUNPATH_SEARCH_PATHS = (
					"$(inherited)",
					"@executable_path/Frameworks",
					"@loader_path/Frameworks",
				);
				PRODUCT_BUNDLE_IDENTIFIER = com.vj.GDCTests;
				PRODUCT_NAME = "$(TARGET_NAME)";
				SWIFT_VERSION = 4.2;
				TARGETED_DEVICE_FAMILY = "1,2";
				TEST_HOST = "$(BUILT_PRODUCTS_DIR)/GDC.app/GDC";
			};
			name = Release;
		};
		04045B0928588288000C48FC /* Debug */ = {
			isa = XCBuildConfiguration;
			buildSettings = {
				ALWAYS_EMBED_SWIFT_STANDARD_LIBRARIES = YES;
				CODE_SIGN_STYLE = Automatic;
				DEVELOPMENT_TEAM = 357P7SRBLD;
				INFOPLIST_FILE = GDCUITests/Info.plist;
				LD_RUNPATH_SEARCH_PATHS = (
					"$(inherited)",
					"@executable_path/Frameworks",
					"@loader_path/Frameworks",
				);
				PRODUCT_BUNDLE_IDENTIFIER = com.vj.GDCUITests;
				PRODUCT_NAME = "$(TARGET_NAME)";
				SWIFT_VERSION = 4.2;
				TARGETED_DEVICE_FAMILY = "1,2";
				TEST_TARGET_NAME = GDC;
			};
			name = Debug;
		};
		04045B0A28588288000C48FC /* Release */ = {
			isa = XCBuildConfiguration;
			buildSettings = {
				ALWAYS_EMBED_SWIFT_STANDARD_LIBRARIES = YES;
				CODE_SIGN_STYLE = Automatic;
				DEVELOPMENT_TEAM = 357P7SRBLD;
				INFOPLIST_FILE = GDCUITests/Info.plist;
				LD_RUNPATH_SEARCH_PATHS = (
					"$(inherited)",
					"@executable_path/Frameworks",
					"@loader_path/Frameworks",
				);
				PRODUCT_BUNDLE_IDENTIFIER = com.vj.GDCUITests;
				PRODUCT_NAME = "$(TARGET_NAME)";
				SWIFT_VERSION = 4.2;
				TARGETED_DEVICE_FAMILY = "1,2";
				TEST_TARGET_NAME = GDC;
			};
			name = Release;
		};
/* End XCBuildConfiguration section */

/* Begin XCConfigurationList section */
		04045AD528588285000C48FC /* Build configuration list for PBXProject "GDC" */ = {
			isa = XCConfigurationList;
			buildConfigurations = (
				04045B0028588288000C48FC /* Debug */,
				04045B0128588288000C48FC /* Release */,
			);
			defaultConfigurationIsVisible = 0;
			defaultConfigurationName = Release;
		};
		04045B0228588288000C48FC /* Build configuration list for PBXNativeTarget "GDC" */ = {
			isa = XCConfigurationList;
			buildConfigurations = (
				04045B0328588288000C48FC /* Debug */,
				04045B0428588288000C48FC /* Release */,
			);
			defaultConfigurationIsVisible = 0;
			defaultConfigurationName = Release;
		};
		04045B0528588288000C48FC /* Build configuration list for PBXNativeTarget "GDCTests" */ = {
			isa = XCConfigurationList;
			buildConfigurations = (
				04045B0628588288000C48FC /* Debug */,
				04045B0728588288000C48FC /* Release */,
			);
			defaultConfigurationIsVisible = 0;
			defaultConfigurationName = Release;
		};
		04045B0828588288000C48FC /* Build configuration list for PBXNativeTarget "GDCUITests" */ = {
			isa = XCConfigurationList;
			buildConfigurations = (
				04045B0928588288000C48FC /* Debug */,
				04045B0A28588288000C48FC /* Release */,
			);
			defaultConfigurationIsVisible = 0;
			defaultConfigurationName = Release;
		};
/* End XCConfigurationList section */
	};
	rootObject = 04045AD228588285000C48FC /* Project object */;
}
